
Microsoft Visual Studio Solution File, Format Version 12.00
# Visual Studio Version 17
VisualStudioVersion = 17.6.33829.357
MinimumVisualStudioVersion = 10.0.40219.1
Project("{FAE04EC0-301F-11D3-BF4B-00C04F79EFBC}") = "Exercise14", "Exercise14.csproj", "{EB2FC585-3A1B-4FFA-815F-4EFAD7DE8B1F}"
EndProject
Global
	GlobalSection(SolutionConfigurationPlatforms) = preSolution
		Debug|Any CPU = Debug|Any CPU
		Release|Any CPU = Release|Any CPU
	EndGlobalSection
	GlobalSection(ProjectConfigurationPlatforms) = postSolution
		{EB2FC585-3A1B-4FFA-815F-4EFAD7DE8B1F}.Debug|Any CPU.ActiveCfg = Debug|Any CPU
		{EB2FC585-3A1B-4FFA-815F-4EFAD7DE8B1F}.Debug|Any CPU.Build.0 = Debug|Any CPU
		{EB2FC585-3A1B-4FFA-815F-4EFAD7DE8B1F}.Release|Any CPU.ActiveCfg = Release|Any CPU
		{EB2FC585-3A1B-4FFA-815F-4EFAD7DE8B1F}.Release|Any CPU.Build.0 = Release|Any CPU
	EndGlobalSection
	GlobalSection(SolutionProperties) = preSolution
		HideSolutionNode = FALSE
	EndGlobalSection
	GlobalSection(ExtensibilityGlobals) = postSolution
		SolutionGuid = {966A8B7B-E2C0-45FB-AF69-EC58EED7F243}
	EndGlobalSection
EndGlobal
